// !$*UTF8*$!
{
	archiveVersion = 1;
	classes = {
	};
	objectVersion = 46;
	objects = {

/* Begin PBXBuildFile section */
		BC0B95241EF898370073E0A6 /* AppDelegate.swift in Sources */ = {isa = PBXBuildFile; fileRef = BC0B95231EF898370073E0A6 /* AppDelegate.swift */; };
		BC0B95261EF898370073E0A6 /* LoginViewController.swift in Sources */ = {isa = PBXBuildFile; fileRef = BC0B95251EF898370073E0A6 /* LoginViewController.swift */; };
		BC0B95291EF898370073E0A6 /* Main.storyboard in Resources */ = {isa = PBXBuildFile; fileRef = BC0B95271EF898370073E0A6 /* Main.storyboard */; };
		BC0B952B1EF898370073E0A6 /* Assets.xcassets in Resources */ = {isa = PBXBuildFile; fileRef = BC0B952A1EF898370073E0A6 /* Assets.xcassets */; };
		BC0B952E1EF898370073E0A6 /* LaunchScreen.storyboard in Resources */ = {isa = PBXBuildFile; fileRef = BC0B952C1EF898370073E0A6 /* LaunchScreen.storyboard */; };
		BC0B953F1EF899420073E0A6 /* BridgeViewController.m in Sources */ = {isa = PBXBuildFile; fileRef = BC0B953E1EF899420073E0A6 /* BridgeViewController.m */; };
		BC0B95421EF93A0E0073E0A6 /* AVFoundation.framework in Frameworks */ = {isa = PBXBuildFile; fileRef = BC0B95411EF93A0E0073E0A6 /* AVFoundation.framework */; };
		BC0B95641EF9638A0073E0A6 /* OtherViewController.swift in Sources */ = {isa = PBXBuildFile; fileRef = BC0B95631EF9638A0073E0A6 /* OtherViewController.swift */; };
		BC0B95661EF9AA310073E0A6 /* Session.swift in Sources */ = {isa = PBXBuildFile; fileRef = BC0B95651EF9AA310073E0A6 /* Session.swift */; };
		BC0B95681EF9AC680073E0A6 /* MusicPicker.swift in Sources */ = {isa = PBXBuildFile; fileRef = BC0B95671EF9AC680073E0A6 /* MusicPicker.swift */; };
		BC0B956A1EF9B8D20073E0A6 /* ChooseVibeViewController.swift in Sources */ = {isa = PBXBuildFile; fileRef = BC0B95691EF9B8D20073E0A6 /* ChooseVibeViewController.swift */; };
		BC0B956E1EF9B9290073E0A6 /* VibeViewController.swift in Sources */ = {isa = PBXBuildFile; fileRef = BC0B956D1EF9B9290073E0A6 /* VibeViewController.swift */; };
		BCC38F121EFAA6E6002AED3B /* SessionDelegate.swift in Sources */ = {isa = PBXBuildFile; fileRef = BCC38F111EFAA6E6002AED3B /* SessionDelegate.swift */; };
		E22543D61EFA8D7500C2E798 /* SpotifyAudioPlayback.framework in Frameworks */ = {isa = PBXBuildFile; fileRef = E22543D31EFA8D7500C2E798 /* SpotifyAudioPlayback.framework */; };
		E22543D71EFA8D7500C2E798 /* SpotifyAuthentication.framework in Frameworks */ = {isa = PBXBuildFile; fileRef = E22543D41EFA8D7500C2E798 /* SpotifyAuthentication.framework */; };
		E22543D81EFA8D7500C2E798 /* SpotifyMetadata.framework in Frameworks */ = {isa = PBXBuildFile; fileRef = E22543D51EFA8D7500C2E798 /* SpotifyMetadata.framework */; };
/* End PBXBuildFile section */

/* Begin PBXFileReference section */
		BC0B95201EF898370073E0A6 /* Vibe.app */ = {isa = PBXFileReference; explicitFileType = wrapper.application; includeInIndex = 0; path = Vibe.app; sourceTree = BUILT_PRODUCTS_DIR; };
		BC0B95231EF898370073E0A6 /* AppDelegate.swift */ = {isa = PBXFileReference; lastKnownFileType = sourcecode.swift; path = AppDelegate.swift; sourceTree = "<group>"; };
		BC0B95251EF898370073E0A6 /* LoginViewController.swift */ = {isa = PBXFileReference; lastKnownFileType = sourcecode.swift; path = LoginViewController.swift; sourceTree = "<group>"; };
		BC0B95281EF898370073E0A6 /* Base */ = {isa = PBXFileReference; lastKnownFileType = file.storyboard; name = Base; path = Base.lproj/Main.storyboard; sourceTree = "<group>"; };
		BC0B952A1EF898370073E0A6 /* Assets.xcassets */ = {isa = PBXFileReference; lastKnownFileType = folder.assetcatalog; path = Assets.xcassets; sourceTree = "<group>"; };
		BC0B952D1EF898370073E0A6 /* Base */ = {isa = PBXFileReference; lastKnownFileType = file.storyboard; name = Base; path = Base.lproj/LaunchScreen.storyboard; sourceTree = "<group>"; };
		BC0B952F1EF898370073E0A6 /* Info.plist */ = {isa = PBXFileReference; lastKnownFileType = text.plist.xml; path = Info.plist; sourceTree = "<group>"; };
		BC0B953C1EF899420073E0A6 /* Vibe-Bridging-Header.h */ = {isa = PBXFileReference; lastKnownFileType = sourcecode.c.h; path = "Vibe-Bridging-Header.h"; sourceTree = "<group>"; };
		BC0B953D1EF899420073E0A6 /* BridgeViewController.h */ = {isa = PBXFileReference; fileEncoding = 4; lastKnownFileType = sourcecode.c.h; path = BridgeViewController.h; sourceTree = "<group>"; };
		BC0B953E1EF899420073E0A6 /* BridgeViewController.m */ = {isa = PBXFileReference; fileEncoding = 4; lastKnownFileType = sourcecode.c.objc; path = BridgeViewController.m; sourceTree = "<group>"; };
		BC0B95411EF93A0E0073E0A6 /* AVFoundation.framework */ = {isa = PBXFileReference; lastKnownFileType = wrapper.framework; name = AVFoundation.framework; path = System/Library/Frameworks/AVFoundation.framework; sourceTree = SDKROOT; };
		BC0B95631EF9638A0073E0A6 /* OtherViewController.swift */ = {isa = PBXFileReference; fileEncoding = 4; lastKnownFileType = sourcecode.swift; path = OtherViewController.swift; sourceTree = "<group>"; };
		BC0B95651EF9AA310073E0A6 /* Session.swift */ = {isa = PBXFileReference; fileEncoding = 4; lastKnownFileType = sourcecode.swift; path = Session.swift; sourceTree = "<group>"; };
		BC0B95671EF9AC680073E0A6 /* MusicPicker.swift */ = {isa = PBXFileReference; fileEncoding = 4; lastKnownFileType = sourcecode.swift; path = MusicPicker.swift; sourceTree = "<group>"; };
		BC0B95691EF9B8D20073E0A6 /* ChooseVibeViewController.swift */ = {isa = PBXFileReference; fileEncoding = 4; lastKnownFileType = sourcecode.swift; path = ChooseVibeViewController.swift; sourceTree = "<group>"; };
		BC0B956D1EF9B9290073E0A6 /* VibeViewController.swift */ = {isa = PBXFileReference; fileEncoding = 4; lastKnownFileType = sourcecode.swift; path = VibeViewController.swift; sourceTree = SOURCE_ROOT; };
		BCC38F111EFAA6E6002AED3B /* SessionDelegate.swift */ = {isa = PBXFileReference; fileEncoding = 4; lastKnownFileType = sourcecode.swift; path = SessionDelegate.swift; sourceTree = "<group>"; };
		E22543D31EFA8D7500C2E798 /* SpotifyAudioPlayback.framework */ = {isa = PBXFileReference; lastKnownFileType = wrapper.framework; path = SpotifyAudioPlayback.framework; sourceTree = "<group>"; };
		E22543D41EFA8D7500C2E798 /* SpotifyAuthentication.framework */ = {isa = PBXFileReference; lastKnownFileType = wrapper.framework; path = SpotifyAuthentication.framework; sourceTree = "<group>"; };
		E22543D51EFA8D7500C2E798 /* SpotifyMetadata.framework */ = {isa = PBXFileReference; lastKnownFileType = wrapper.framework; path = SpotifyMetadata.framework; sourceTree = "<group>"; };
/* End PBXFileReference section */

/* Begin PBXFrameworksBuildPhase section */
		BC0B951D1EF898370073E0A6 /* Frameworks */ = {
			isa = PBXFrameworksBuildPhase;
			buildActionMask = 2147483647;
			files = (
				BC0B95421EF93A0E0073E0A6 /* AVFoundation.framework in Frameworks */,
				E22543D71EFA8D7500C2E798 /* SpotifyAuthentication.framework in Frameworks */,
				E22543D81EFA8D7500C2E798 /* SpotifyMetadata.framework in Frameworks */,
				E22543D61EFA8D7500C2E798 /* SpotifyAudioPlayback.framework in Frameworks */,
			);
			runOnlyForDeploymentPostprocessing = 0;
		};
/* End PBXFrameworksBuildPhase section */

/* Begin PBXGroup section */
		BC0B95171EF898370073E0A6 = {
			isa = PBXGroup;
			children = (
				BC0B95221EF898370073E0A6 /* Vibe */,
				BC0B95211EF898370073E0A6 /* Products */,
				BC0B95401EF93A0E0073E0A6 /* Frameworks */,
			);
			sourceTree = "<group>";
		};
		BC0B95211EF898370073E0A6 /* Products */ = {
			isa = PBXGroup;
			children = (
				BC0B95201EF898370073E0A6 /* Vibe.app */,
			);
			name = Products;
			sourceTree = "<group>";
		};
		BC0B95221EF898370073E0A6 /* Vibe */ = {
			isa = PBXGroup;
			children = (
				BC0B953B1EF899260073E0A6 /* Spotify Frameworks */,
				BC0B95231EF898370073E0A6 /* AppDelegate.swift */,
				BC0B956D1EF9B9290073E0A6 /* VibeViewController.swift */,
				BC0B95251EF898370073E0A6 /* LoginViewController.swift */,
				BC0B95271EF898370073E0A6 /* Main.storyboard */,
				BC0B95691EF9B8D20073E0A6 /* ChooseVibeViewController.swift */,
				BCC38F111EFAA6E6002AED3B /* SessionDelegate.swift */,
				BC0B95651EF9AA310073E0A6 /* Session.swift */,
				BC0B95671EF9AC680073E0A6 /* MusicPicker.swift */,
				BC0B95631EF9638A0073E0A6 /* OtherViewController.swift */,
				BC0B952A1EF898370073E0A6 /* Assets.xcassets */,
				BC0B952C1EF898370073E0A6 /* LaunchScreen.storyboard */,
				BC0B952F1EF898370073E0A6 /* Info.plist */,
				BC0B953D1EF899420073E0A6 /* BridgeViewController.h */,
				BC0B953E1EF899420073E0A6 /* BridgeViewController.m */,
				BC0B953C1EF899420073E0A6 /* Vibe-Bridging-Header.h */,
			);
			path = Vibe;
			sourceTree = "<group>";
		};
		BC0B953B1EF899260073E0A6 /* Spotify Frameworks */ = {
			isa = PBXGroup;
			children = (
				E22543D31EFA8D7500C2E798 /* SpotifyAudioPlayback.framework */,
				E22543D41EFA8D7500C2E798 /* SpotifyAuthentication.framework */,
				E22543D51EFA8D7500C2E798 /* SpotifyMetadata.framework */,
			);
			name = "Spotify Frameworks";
			sourceTree = "<group>";
		};
		BC0B95401EF93A0E0073E0A6 /* Frameworks */ = {
			isa = PBXGroup;
			children = (
				BC0B95411EF93A0E0073E0A6 /* AVFoundation.framework */,
			);
			name = Frameworks;
			sourceTree = "<group>";
		};
/* End PBXGroup section */

/* Begin PBXNativeTarget section */
		BC0B951F1EF898370073E0A6 /* Vibe */ = {
			isa = PBXNativeTarget;
			buildConfigurationList = BC0B95321EF898370073E0A6 /* Build configuration list for PBXNativeTarget "Vibe" */;
			buildPhases = (
				BC0B951C1EF898370073E0A6 /* Sources */,
				BC0B951D1EF898370073E0A6 /* Frameworks */,
				BC0B951E1EF898370073E0A6 /* Resources */,
			);
			buildRules = (
			);
			dependencies = (
			);
			name = Vibe;
			productName = Vibe;
			productReference = BC0B95201EF898370073E0A6 /* Vibe.app */;
			productType = "com.apple.product-type.application";
		};
/* End PBXNativeTarget section */

/* Begin PBXProject section */
		BC0B95181EF898370073E0A6 /* Project object */ = {
			isa = PBXProject;
			attributes = {
				LastSwiftUpdateCheck = 0830;
				LastUpgradeCheck = 0830;
				ORGANIZATIONNAME = Vibe;
				TargetAttributes = {
					BC0B951F1EF898370073E0A6 = {
						CreatedOnToolsVersion = 8.3.3;
						DevelopmentTeam = 74N7J3GY24;
						LastSwiftMigration = 0830;
						ProvisioningStyle = Automatic;
					};
				};
			};
			buildConfigurationList = BC0B951B1EF898370073E0A6 /* Build configuration list for PBXProject "Vibe" */;
			compatibilityVersion = "Xcode 3.2";
			developmentRegion = English;
			hasScannedForEncodings = 0;
			knownRegions = (
				en,
				Base,
			);
			mainGroup = BC0B95171EF898370073E0A6;
			productRefGroup = BC0B95211EF898370073E0A6 /* Products */;
			projectDirPath = "";
			projectRoot = "";
			targets = (
				BC0B951F1EF898370073E0A6 /* Vibe */,
			);
		};
/* End PBXProject section */

/* Begin PBXResourcesBuildPhase section */
		BC0B951E1EF898370073E0A6 /* Resources */ = {
			isa = PBXResourcesBuildPhase;
			buildActionMask = 2147483647;
			files = (
				BC0B952E1EF898370073E0A6 /* LaunchScreen.storyboard in Resources */,
				BC0B952B1EF898370073E0A6 /* Assets.xcassets in Resources */,
				BC0B95291EF898370073E0A6 /* Main.storyboard in Resources */,
			);
			runOnlyForDeploymentPostprocessing = 0;
		};
/* End PBXResourcesBuildPhase section */

/* Begin PBXSourcesBuildPhase section */
		BC0B951C1EF898370073E0A6 /* Sources */ = {
			isa = PBXSourcesBuildPhase;
			buildActionMask = 2147483647;
			files = (
				BC0B956E1EF9B9290073E0A6 /* VibeViewController.swift in Sources */,
				BC0B956A1EF9B8D20073E0A6 /* ChooseVibeViewController.swift in Sources */,
				BC0B95661EF9AA310073E0A6 /* Session.swift in Sources */,
				BCC38F121EFAA6E6002AED3B /* SessionDelegate.swift in Sources */,
				BC0B95681EF9AC680073E0A6 /* MusicPicker.swift in Sources */,
				BC0B953F1EF899420073E0A6 /* BridgeViewController.m in Sources */,
				BC0B95641EF9638A0073E0A6 /* OtherViewController.swift in Sources */,
				BC0B95261EF898370073E0A6 /* LoginViewController.swift in Sources */,
				BC0B95241EF898370073E0A6 /* AppDelegate.swift in Sources */,
			);
			runOnlyForDeploymentPostprocessing = 0;
		};
/* End PBXSourcesBuildPhase section */

/* Begin PBXVariantGroup section */
		BC0B95271EF898370073E0A6 /* Main.storyboard */ = {
			isa = PBXVariantGroup;
			children = (
				BC0B95281EF898370073E0A6 /* Base */,
			);
			name = Main.storyboard;
			sourceTree = "<group>";
		};
		BC0B952C1EF898370073E0A6 /* LaunchScreen.storyboard */ = {
			isa = PBXVariantGroup;
			children = (
				BC0B952D1EF898370073E0A6 /* Base */,
			);
			name = LaunchScreen.storyboard;
			sourceTree = "<group>";
		};
/* End PBXVariantGroup section */

/* Begin XCBuildConfiguration section */
		BC0B95301EF898370073E0A6 /* Debug */ = {
			isa = XCBuildConfiguration;
			buildSettings = {
				ALWAYS_SEARCH_USER_PATHS = NO;
				CLANG_ANALYZER_NONNULL = YES;
				CLANG_ANALYZER_NUMBER_OBJECT_CONVERSION = YES_AGGRESSIVE;
				CLANG_CXX_LANGUAGE_STANDARD = "gnu++0x";
				CLANG_CXX_LIBRARY = "libc++";
				CLANG_ENABLE_MODULES = YES;
				CLANG_ENABLE_OBJC_ARC = YES;
				CLANG_WARN_BOOL_CONVERSION = YES;
				CLANG_WARN_CONSTANT_CONVERSION = YES;
				CLANG_WARN_DIRECT_OBJC_ISA_USAGE = YES_ERROR;
				CLANG_WARN_DOCUMENTATION_COMMENTS = YES;
				CLANG_WARN_EMPTY_BODY = YES;
				CLANG_WARN_ENUM_CONVERSION = YES;
				CLANG_WARN_INFINITE_RECURSION = YES;
				CLANG_WARN_INT_CONVERSION = YES;
				CLANG_WARN_OBJC_ROOT_CLASS = YES_ERROR;
				CLANG_WARN_SUSPICIOUS_MOVE = YES;
				CLANG_WARN_UNREACHABLE_CODE = YES;
				CLANG_WARN__DUPLICATE_METHOD_MATCH = YES;
				"CODE_SIGN_IDENTITY[sdk=iphoneos*]" = "iPhone Developer";
				COPY_PHASE_STRIP = NO;
				DEBUG_INFORMATION_FORMAT = dwarf;
				ENABLE_STRICT_OBJC_MSGSEND = YES;
				ENABLE_TESTABILITY = YES;
				GCC_C_LANGUAGE_STANDARD = gnu99;
				GCC_DYNAMIC_NO_PIC = NO;
				GCC_NO_COMMON_BLOCKS = YES;
				GCC_OPTIMIZATION_LEVEL = 0;
				GCC_PREPROCESSOR_DEFINITIONS = (
					"DEBUG=1",
					"$(inherited)",
				);
				GCC_WARN_64_TO_32_BIT_CONVERSION = YES;
				GCC_WARN_ABOUT_RETURN_TYPE = YES_ERROR;
				GCC_WARN_UNDECLARED_SELECTOR = YES;
				GCC_WARN_UNINITIALIZED_AUTOS = YES_AGGRESSIVE;
				GCC_WARN_UNUSED_FUNCTION = YES;
				GCC_WARN_UNUSED_VARIABLE = YES;
				IPHONEOS_DEPLOYMENT_TARGET = 10.3;
				MTL_ENABLE_DEBUG_INFO = YES;
				ONLY_ACTIVE_ARCH = YES;
				SDKROOT = iphoneos;
				SWIFT_ACTIVE_COMPILATION_CONDITIONS = DEBUG;
				SWIFT_OPTIMIZATION_LEVEL = "-Onone";
				TARGETED_DEVICE_FAMILY = "1,2";
			};
			name = Debug;
		};
		BC0B95311EF898370073E0A6 /* Release */ = {
			isa = XCBuildConfiguration;
			buildSettings = {
				ALWAYS_SEARCH_USER_PATHS = NO;
				CLANG_ANALYZER_NONNULL = YES;
				CLANG_ANALYZER_NUMBER_OBJECT_CONVERSION = YES_AGGRESSIVE;
				CLANG_CXX_LANGUAGE_STANDARD = "gnu++0x";
				CLANG_CXX_LIBRARY = "libc++";
				CLANG_ENABLE_MODULES = YES;
				CLANG_ENABLE_OBJC_ARC = YES;
				CLANG_WARN_BOOL_CONVERSION = YES;
				CLANG_WARN_CONSTANT_CONVERSION = YES;
				CLANG_WARN_DIRECT_OBJC_ISA_USAGE = YES_ERROR;
				CLANG_WARN_DOCUMENTATION_COMMENTS = YES;
				CLANG_WARN_EMPTY_BODY = YES;
				CLANG_WARN_ENUM_CONVERSION = YES;
				CLANG_WARN_INFINITE_RECURSION = YES;
				CLANG_WARN_INT_CONVERSION = YES;
				CLANG_WARN_OBJC_ROOT_CLASS = YES_ERROR;
				CLANG_WARN_SUSPICIOUS_MOVE = YES;
				CLANG_WARN_UNREACHABLE_CODE = YES;
				CLANG_WARN__DUPLICATE_METHOD_MATCH = YES;
				"CODE_SIGN_IDENTITY[sdk=iphoneos*]" = "iPhone Developer";
				COPY_PHASE_STRIP = NO;
				DEBUG_INFORMATION_FORMAT = "dwarf-with-dsym";
				ENABLE_NS_ASSERTIONS = NO;
				ENABLE_STRICT_OBJC_MSGSEND = YES;
				GCC_C_LANGUAGE_STANDARD = gnu99;
				GCC_NO_COMMON_BLOCKS = YES;
				GCC_WARN_64_TO_32_BIT_CONVERSION = YES;
				GCC_WARN_ABOUT_RETURN_TYPE = YES_ERROR;
				GCC_WARN_UNDECLARED_SELECTOR = YES;
				GCC_WARN_UNINITIALIZED_AUTOS = YES_AGGRESSIVE;
				GCC_WARN_UNUSED_FUNCTION = YES;
				GCC_WARN_UNUSED_VARIABLE = YES;
				IPHONEOS_DEPLOYMENT_TARGET = 10.3;
				MTL_ENABLE_DEBUG_INFO = NO;
				SDKROOT = iphoneos;
				SWIFT_OPTIMIZATION_LEVEL = "-Owholemodule";
				TARGETED_DEVICE_FAMILY = "1,2";
				VALIDATE_PRODUCT = YES;
			};
			name = Release;
		};
		BC0B95331EF898370073E0A6 /* Debug */ = {
			isa = XCBuildConfiguration;
			buildSettings = {
				ASSETCATALOG_COMPILER_APPICON_NAME = AppIcon;
				CLANG_ENABLE_MODULES = YES;
				DEVELOPMENT_TEAM = 74N7J3GY24;
				FRAMEWORK_SEARCH_PATHS = (
					"$(inherited)",
					"$(PROJECT_DIR)/Vibe/ios-sdk",
					"$(PROJECT_DIR)/Vibe",
				);
				INFOPLIST_FILE = Vibe/Info.plist;
				LD_RUNPATH_SEARCH_PATHS = "$(inherited) @executable_path/Frameworks";
				PRODUCT_BUNDLE_IDENTIFIER = "graykwise.vibe-app";
				PRODUCT_NAME = "$(TARGET_NAME)";
				SWIFT_OBJC_BRIDGING_HEADER = "Vibe/Vibe-Bridging-Header.h";
				SWIFT_OPTIMIZATION_LEVEL = "-Onone";
				SWIFT_VERSION = 3.0;
			};
			name = Debug;
		};
		BC0B95341EF898370073E0A6 /* Release */ = {
			isa = XCBuildConfiguration;
			buildSettings = {
				ASSETCATALOG_COMPILER_APPICON_NAME = AppIcon;
				CLANG_ENABLE_MODULES = YES;
				DEVELOPMENT_TEAM = 74N7J3GY24;
				FRAMEWORK_SEARCH_PATHS = (
					"$(inherited)",
					"$(PROJECT_DIR)/Vibe/ios-sdk",
					"$(PROJECT_DIR)/Vibe",
				);
				INFOPLIST_FILE = Vibe/Info.plist;
				LD_RUNPATH_SEARCH_PATHS = "$(inherited) @executable_path/Frameworks";
				PRODUCT_BUNDLE_IDENTIFIER = "graykwise.vibe-app";
				PRODUCT_NAME = "$(TARGET_NAME)";
				SWIFT_OBJC_BRIDGING_HEADER = "Vibe/Vibe-Bridging-Header.h";
				SWIFT_VERSION = 3.0;
			};
			name = Release;
		};
/* End XCBuildConfiguration section */

/* Begin XCConfigurationList section */
		BC0B951B1EF898370073E0A6 /* Build configuration list for PBXProject "Vibe" */ = {
			isa = XCConfigurationList;
			buildConfigurations = (
				BC0B95301EF898370073E0A6 /* Debug */,
				BC0B95311EF898370073E0A6 /* Release */,
			);
			defaultConfigurationIsVisible = 0;
			defaultConfigurationName = Release;
		};
		BC0B95321EF898370073E0A6 /* Build configuration list for PBXNativeTarget "Vibe" */ = {
			isa = XCConfigurationList;
			buildConfigurations = (
				BC0B95331EF898370073E0A6 /* Debug */,
				BC0B95341EF898370073E0A6 /* Release */,
			);
			defaultConfigurationIsVisible = 0;
			defaultConfigurationName = Release;
		};
/* End XCConfigurationList section */
	};
	rootObject = BC0B95181EF898370073E0A6 /* Project object */;
}
